
Microsoft Visual Studio Solution File, Format Version 12.00
# Visual Studio Version 17
VisualStudioVersion = 17.9.34723.18
MinimumVisualStudioVersion = 10.0.40219.1
Project("{9A19103F-16F7-4668-BE54-9A1E7A4F7556}") = "Restaurantes.Domain", "Restaurantes.Domain\Restaurantes.Domain.csproj", "{82B2FBEC-2BE5-4B6B-84CE-58560F7FE251}"
EndProject
Project("{9A19103F-16F7-4668-BE54-9A1E7A4F7556}") = "Restaurantes.Application", "Restaurantes.Application\Restaurantes.Application.csproj", "{061D99E0-873C-408C-B6AC-B4EDE3333CAC}"
EndProject
Project("{9A19103F-16F7-4668-BE54-9A1E7A4F7556}") = "Restaurantes.Infrastructure", "Restaurantes.Infrastructure\Restaurantes.Infrastructure.csproj", "{5D5E457A-3BD5-49AF-9817-D82A4041A7C0}"
EndProject
Project("{9A19103F-16F7-4668-BE54-9A1E7A4F7556}") = "Restaurantes.CrossCutting", "Restaurantes.CrossCutting\Restaurantes.CrossCutting.csproj", "{1DB116A5-9C73-45F3-8D1B-2DFE95C9EA30}"
EndProject
Project("{9A19103F-16F7-4668-BE54-9A1E7A4F7556}") = "Restaurantes.API", "Restaurantes.API\Restaurantes.API.csproj", "{FE2D1CAE-B5A4-4E04-AC7F-1DCA94C5D10A}"
EndProject
Global
	GlobalSection(SolutionConfigurationPlatforms) = preSolution
		Debug|Any CPU = Debug|Any CPU
		Release|Any CPU = Release|Any CPU
	EndGlobalSection
	GlobalSection(ProjectConfigurationPlatforms) = postSolution
		{82B2FBEC-2BE5-4B6B-84CE-58560F7FE251}.Debug|Any CPU.ActiveCfg = Debug|Any CPU
		{82B2FBEC-2BE5-4B6B-84CE-58560F7FE251}.Debug|Any CPU.Build.0 = Debug|Any CPU
		{82B2FBEC-2BE5-4B6B-84CE-58560F7FE251}.Release|Any CPU.ActiveCfg = Release|Any CPU
		{82B2FBEC-2BE5-4B6B-84CE-58560F7FE251}.Release|Any CPU.Build.0 = Release|Any CPU
		{061D99E0-873C-408C-B6AC-B4EDE3333CAC}.Debug|Any CPU.ActiveCfg = Debug|Any CPU
		{061D99E0-873C-408C-B6AC-B4EDE3333CAC}.Debug|Any CPU.Build.0 = Debug|Any CPU
		{061D99E0-873C-408C-B6AC-B4EDE3333CAC}.Release|Any CPU.ActiveCfg = Release|Any CPU
		{061D99E0-873C-408C-B6AC-B4EDE3333CAC}.Release|Any CPU.Build.0 = Release|Any CPU
		{5D5E457A-3BD5-49AF-9817-D82A4041A7C0}.Debug|Any CPU.ActiveCfg = Debug|Any CPU
		{5D5E457A-3BD5-49AF-9817-D82A4041A7C0}.Debug|Any CPU.Build.0 = Debug|Any CPU
		{5D5E457A-3BD5-49AF-9817-D82A4041A7C0}.Release|Any CPU.ActiveCfg = Release|Any CPU
		{5D5E457A-3BD5-49AF-9817-D82A4041A7C0}.Release|Any CPU.Build.0 = Release|Any CPU
		{1DB116A5-9C73-45F3-8D1B-2DFE95C9EA30}.Debug|Any CPU.ActiveCfg = Debug|Any CPU
		{1DB116A5-9C73-45F3-8D1B-2DFE95C9EA30}.Debug|Any CPU.Build.0 = Debug|Any CPU
		{1DB116A5-9C73-45F3-8D1B-2DFE95C9EA30}.Release|Any CPU.ActiveCfg = Release|Any CPU
		{1DB116A5-9C73-45F3-8D1B-2DFE95C9EA30}.Release|Any CPU.Build.0 = Release|Any CPU
		{FE2D1CAE-B5A4-4E04-AC7F-1DCA94C5D10A}.Debug|Any CPU.ActiveCfg = Debug|Any CPU
		{FE2D1CAE-B5A4-4E04-AC7F-1DCA94C5D10A}.Debug|Any CPU.Build.0 = Debug|Any CPU
		{FE2D1CAE-B5A4-4E04-AC7F-1DCA94C5D10A}.Release|Any CPU.ActiveCfg = Release|Any CPU
		{FE2D1CAE-B5A4-4E04-AC7F-1DCA94C5D10A}.Release|Any CPU.Build.0 = Release|Any CPU
	EndGlobalSection
	GlobalSection(SolutionProperties) = preSolution
		HideSolutionNode = FALSE
	EndGlobalSection
	GlobalSection(ExtensibilityGlobals) = postSolution
		SolutionGuid = {295A66D2-FE88-4F9A-85F8-DC2EE067764F}
	EndGlobalSection
EndGlobal
